
Microsoft Visual Studio Solution File, Format Version 12.00
# Visual Studio Version 17
VisualStudioVersion = 17.9.34518.117
MinimumVisualStudioVersion = 10.0.40219.1
Project("{FAE04EC0-301F-11D3-BF4B-00C04F79EFBC}") = "Domain", "Domain\Domain.csproj", "{EB213F05-E486-4326-A030-726009228827}"
EndProject
Project("{FAE04EC0-301F-11D3-BF4B-00C04F79EFBC}") = "Application", "Application\Application.csproj", "{DC8EA754-370A-46AB-9254-8A4E7FDEC768}"
EndProject
Global
	GlobalSection(SolutionConfigurationPlatforms) = preSolution
		Debug|Any CPU = Debug|Any CPU
		Release|Any CPU = Release|Any CPU
	EndGlobalSection
	GlobalSection(ProjectConfigurationPlatforms) = postSolution
		{EB213F05-E486-4326-A030-726009228827}.Debug|Any CPU.ActiveCfg = Debug|Any CPU
		{EB213F05-E486-4326-A030-726009228827}.Debug|Any CPU.Build.0 = Debug|Any CPU
		{EB213F05-E486-4326-A030-726009228827}.Release|Any CPU.ActiveCfg = Release|Any CPU
		{EB213F05-E486-4326-A030-726009228827}.Release|Any CPU.Build.0 = Release|Any CPU
		{DC8EA754-370A-46AB-9254-8A4E7FDEC768}.Debug|Any CPU.ActiveCfg = Debug|Any CPU
		{DC8EA754-370A-46AB-9254-8A4E7FDEC768}.Debug|Any CPU.Build.0 = Debug|Any CPU
		{DC8EA754-370A-46AB-9254-8A4E7FDEC768}.Release|Any CPU.ActiveCfg = Release|Any CPU
		{DC8EA754-370A-46AB-9254-8A4E7FDEC768}.Release|Any CPU.Build.0 = Release|Any CPU
	EndGlobalSection
	GlobalSection(SolutionProperties) = preSolution
		HideSolutionNode = FALSE
	EndGlobalSection
	GlobalSection(ExtensibilityGlobals) = postSolution
		SolutionGuid = {7625D828-29C8-49F3-B2E5-D03B298659E1}
	EndGlobalSection
EndGlobal
